# This file is generated by running "yarn install" inside your project.
# Manual changes might be lost - proceed with caution!

__metadata:
  version: 8
  cacheKey: 10

"@jsdotlua/boolean@npm:^1.2.6":
  version: 1.2.6
  resolution: "@jsdotlua/boolean@npm:1.2.6"
  dependencies:
    "@jsdotlua/number": "npm:^1.2.6"
  checksum: 10/cf4bd3405b59592aafb58cb69b96a897025fd5ffc5034cefe093fa3727d401a05766ff5ac0d22f1a9b6f37a06c4dbb484cdb71c052e658112150cd0c1d4339f9
  languageName: node
  linkType: hard

"@jsdotlua/collections@npm:^1.2.6":
  version: 1.2.6
  resolution: "@jsdotlua/collections@npm:1.2.6"
  dependencies:
    "@jsdotlua/es7-types": "npm:^1.2.6"
    "@jsdotlua/instance-of": "npm:^1.2.6"
  checksum: 10/039f9624b793c8babb1b69b022b6f0e628ece11a585b84fe7ddfd4a97b07a14b25e6a5fef305024207216d00dda8d083d98c492d1833ce152e92d0863902f2ac
  languageName: node
  linkType: hard

"@jsdotlua/console@npm:^1.2.6":
  version: 1.2.6
  resolution: "@jsdotlua/console@npm:1.2.6"
  dependencies:
    "@jsdotlua/collections": "npm:^1.2.6"
  checksum: 10/aeeab885cbc4df3a92f2ee316e7eefdc506bd9a5db4a873a52837b30bf48cc7278f2eef1feff5c810ce82519e2a63df809615b4cfee3d73edafbac88cb7b4982
  languageName: node
  linkType: hard

"@jsdotlua/es7-types@npm:^1.2.6":
  version: 1.2.6
  resolution: "@jsdotlua/es7-types@npm:1.2.6"
  checksum: 10/b1d902c8b942bd6d1cf07cb40d48d1650bb3d7543fa77745c9f602828ad8382499172a0349d2d41884f2b5c4061d796be99d85ee2a6e19da860b302a5d6f1954
  languageName: node
  linkType: hard

"@jsdotlua/graphql@workspace:.":
  version: 0.0.0-use.local
  resolution: "@jsdotlua/graphql@workspace:."
  dependencies:
    "@jsdotlua/luau-polyfill": "npm:^1.2.6"
    "@jsdotlua/promise": "npm:^3.5.0"
    luau-regexp: "npm:^0.2.1"
    npmluau: "npm:^0.1.1"
  languageName: unknown
  linkType: soft

"@jsdotlua/instance-of@npm:^1.2.6":
  version: 1.2.6
  resolution: "@jsdotlua/instance-of@npm:1.2.6"
  checksum: 10/fa7823471061044894e86a2d59af32a81a3b0cdb9937b0b622b0681ce5eeb5c8f028ba291266e3dfc61a921210228718be0eac6d950c78a395ad7906e285167f
  languageName: node
  linkType: hard

"@jsdotlua/luau-polyfill@npm:^1.2.6":
  version: 1.2.6
  resolution: "@jsdotlua/luau-polyfill@npm:1.2.6"
  dependencies:
    "@jsdotlua/boolean": "npm:^1.2.6"
    "@jsdotlua/collections": "npm:^1.2.6"
    "@jsdotlua/console": "npm:^1.2.6"
    "@jsdotlua/es7-types": "npm:^1.2.6"
    "@jsdotlua/instance-of": "npm:^1.2.6"
    "@jsdotlua/math": "npm:^1.2.6"
    "@jsdotlua/number": "npm:^1.2.6"
    "@jsdotlua/string": "npm:^1.2.6"
    "@jsdotlua/timers": "npm:^1.2.6"
    symbol-luau: "npm:^1.0.0"
  checksum: 10/49e0ec5c70195af7f78eb323d55dd59df55751c48e619e3a081f6e96073ea2a3dd718a708f0e3fcd54bb45a34d220f4f69a79d264edf9830c7f37a297cbca425
  languageName: node
  linkType: hard

"@jsdotlua/math@npm:^1.2.6":
  version: 1.2.6
  resolution: "@jsdotlua/math@npm:1.2.6"
  checksum: 10/0196648651815ea7d11205930b5dcda5d61d9c5d143ef82582cef1a76b0e7973a9f57b6d25da6772b9aead6df5fbe16df1702b78e05fc510cc1fd8e03abedfd2
  languageName: node
  linkType: hard

"@jsdotlua/number@npm:^1.2.6":
  version: 1.2.6
  resolution: "@jsdotlua/number@npm:1.2.6"
  checksum: 10/1f30122e476839d2fb46e815b264ffed6fb25b69b93dcc72a0078d874a10f95de60d85fb2fcecdf8767acf5fca9068c4b7fb53aff850173a6e0e65a66abdece5
  languageName: node
  linkType: hard

"@jsdotlua/promise@npm:^3.5.0":
  version: 3.5.0
  resolution: "@jsdotlua/promise@npm:3.5.0"
  checksum: 10/78a11e19a242058ba94f2e0c784f615bdf137135141f6e13330c89748f05ea5119680a8625e4c101dae1f54d30898ababed9285178a8700fab47f1491e967b25
  languageName: node
  linkType: hard

"@jsdotlua/string@npm:^1.2.6":
  version: 1.2.6
  resolution: "@jsdotlua/string@npm:1.2.6"
  dependencies:
    "@jsdotlua/es7-types": "npm:^1.2.6"
    "@jsdotlua/number": "npm:^1.2.6"
  checksum: 10/793606669683b37c0337085e7d68e6185f6119dfc1ad45280f5877cb549b00af0cc0284817b11ea9ded59ca2fa32435791332b42139e90f0db538e3e9ec26540
  languageName: node
  linkType: hard

"@jsdotlua/timers@npm:^1.2.6":
  version: 1.2.6
  resolution: "@jsdotlua/timers@npm:1.2.6"
  dependencies:
    "@jsdotlua/collections": "npm:^1.2.6"
  checksum: 10/31f4e8118e6358dc7ef175533816148ad856d3efd2002af0a647e2e475020040c8a07fdb15579ce25a937792d5a8660e595996956eaf587a4e9e5b57aa94a4c7
  languageName: node
  linkType: hard

"commander@npm:^11.0.0":
  version: 11.1.0
  resolution: "commander@npm:11.1.0"
  checksum: 10/66bd2d8a0547f6cb1d34022efb25f348e433b0e04ad76a65279b1b09da108f59a4d3001ca539c60a7a46ea38bcf399fc17d91adad76a8cf43845d8dcbaf5cda1
  languageName: node
  linkType: hard

"luau-regexp@npm:^0.2.1":
  version: 0.2.1
  resolution: "luau-regexp@npm:0.2.1"
  checksum: 10/cb38ca63e595af1ba3f9bb1d600cb3b7bc7490ebc0e1986ac5758c62c3545d6caf7d4e265c35fbcb421fbaea4f3b733bd38f55f2fbd9e2b583256cff5e793d5f
  languageName: node
  linkType: hard

"npmluau@npm:^0.1.1":
  version: 0.1.1
  resolution: "npmluau@npm:0.1.1"
  dependencies:
    commander: "npm:^11.0.0"
    walkdir: "npm:^0.4.1"
  bin:
    npmluau: main.js
  checksum: 10/7d8a06998a72e7f002ded33b4c52a5a54431be7ecb8468ddcd28aaeba6d78eeca28fe9db175962e7a30cd12b2405f15a8d2a58f7e7bd5fdba67b5e4f800536b5
  languageName: node
  linkType: hard

"symbol-luau@npm:^1.0.0":
  version: 1.0.1
  resolution: "symbol-luau@npm:1.0.1"
  checksum: 10/de87414d218bcb0b8c14a4b5ae0edfa1ffbc3e1b6a8d4fc4fa66411627d41b7818a0e977414eebec9f0ceb31c6c61ca101b709b948276a5222dcddbe77bbdc85
  languageName: node
  linkType: hard

"walkdir@npm:^0.4.1":
  version: 0.4.1
  resolution: "walkdir@npm:0.4.1"
  checksum: 10/54cbe7afc5fb811a55748b0bfa077a9a4aa43f568eb5857db9785af9728e1ad8b1ecf6b9ce6f14b405c6124939a92522e36aaa0397f3f52a9a7a08496f2eebe1
  languageName: node
  linkType: hard
